
Microsoft Visual Studio Solution File, Format Version 12.00
# Visual Studio 15
Project("{FAE04EC0-301F-11D3-BF4B-00C04F79EFBC}") = "Assembly-CSharp", "Assembly-CSharp.csproj", "{1A1F3365-A9E7-D52E-16E3-538C95BEF5D7}"
EndProject
Project("{FAE04EC0-301F-11D3-BF4B-00C04F79EFBC}") = "Assembly-CSharp", "Assembly-CSharp.Player.csproj", "{5B1148C5-813D-CEF1-02A6-C1C3C25D6412}"
EndProject
Global
	GlobalSection(SolutionConfigurationPlatforms) = preSolution
		Debug|Any CPU = Debug|Any CPU
		Release|Any CPU = Release|Any CPU
	EndGlobalSection
	GlobalSection(ProjectConfigurationPlatforms) = postSolution
		{1A1F3365-A9E7-D52E-16E3-538C95BEF5D7}.Debug|Any CPU.ActiveCfg = Debug|Any CPU
		{1A1F3365-A9E7-D52E-16E3-538C95BEF5D7}.Debug|Any CPU.Build.0 = Debug|Any CPU
		{1A1F3365-A9E7-D52E-16E3-538C95BEF5D7}.Release|Any CPU.ActiveCfg = Release|Any CPU
		{1A1F3365-A9E7-D52E-16E3-538C95BEF5D7}.Release|Any CPU.Build.0 = Release|Any CPU
		{5B1148C5-813D-CEF1-02A6-C1C3C25D6412}.Debug|Any CPU.ActiveCfg = Debug|Any CPU
		{5B1148C5-813D-CEF1-02A6-C1C3C25D6412}.Debug|Any CPU.Build.0 = Debug|Any CPU
		{5B1148C5-813D-CEF1-02A6-C1C3C25D6412}.Release|Any CPU.ActiveCfg = Release|Any CPU
		{5B1148C5-813D-CEF1-02A6-C1C3C25D6412}.Release|Any CPU.Build.0 = Release|Any CPU
	EndGlobalSection
	GlobalSection(SolutionProperties) = preSolution
		HideSolutionNode = FALSE
	EndGlobalSection
EndGlobal
